
Microsoft Visual Studio Solution File, Format Version 12.00
# Visual Studio 15
VisualStudioVersion = 15.0.27428.2005
MinimumVisualStudioVersion = 10.0.40219.1
Project("{FAE04EC0-301F-11D3-BF4B-00C04F79EFBC}") = "Booking_Management_System", "Booking_Management_System\Booking_Management_System.csproj", "{52F6E657-BFCE-4BAE-BE42-CCA267E2787D}"
EndProject
Global
	GlobalSection(SolutionConfigurationPlatforms) = preSolution
		Debug|Any CPU = Debug|Any CPU
		Release|Any CPU = Release|Any CPU
	EndGlobalSection
	GlobalSection(ProjectConfigurationPlatforms) = postSolution
		{52F6E657-BFCE-4BAE-BE42-CCA267E2787D}.Debug|Any CPU.ActiveCfg = Debug|Any CPU
		{52F6E657-BFCE-4BAE-BE42-CCA267E2787D}.Debug|Any CPU.Build.0 = Debug|Any CPU
		{52F6E657-BFCE-4BAE-BE42-CCA267E2787D}.Release|Any CPU.ActiveCfg = Release|Any CPU
		{52F6E657-BFCE-4BAE-BE42-CCA267E2787D}.Release|Any CPU.Build.0 = Release|Any CPU
	EndGlobalSection
	GlobalSection(SolutionProperties) = preSolution
		HideSolutionNode = FALSE
	EndGlobalSection
	GlobalSection(ExtensibilityGlobals) = postSolution
		SolutionGuid = {69127C7C-F7FD-455E-B51D-CE3A51F464AC}
	EndGlobalSection
EndGlobal
